
Microsoft Visual Studio Solution File, Format Version 12.00
# Visual Studio Version 16
VisualStudioVersion = 16.0.30523.141
MinimumVisualStudioVersion = 10.0.40219.1
Project("{FAE04EC0-301F-11D3-BF4B-00C04F79EFBC}") = "TideLevelChartLocations", "TideLevelChartLocations\TideLevelChartLocations.csproj", "{C995ACB1-32E9-4090-8230-E2AFFE7B19E8}"
EndProject
Global
	GlobalSection(SolutionConfigurationPlatforms) = preSolution
		Debug|Any CPU = Debug|Any CPU
		Release|Any CPU = Release|Any CPU
	EndGlobalSection
	GlobalSection(ProjectConfigurationPlatforms) = postSolution
		{C995ACB1-32E9-4090-8230-E2AFFE7B19E8}.Debug|Any CPU.ActiveCfg = Debug|Any CPU
		{C995ACB1-32E9-4090-8230-E2AFFE7B19E8}.Debug|Any CPU.Build.0 = Debug|Any CPU
		{C995ACB1-32E9-4090-8230-E2AFFE7B19E8}.Release|Any CPU.ActiveCfg = Release|Any CPU
		{C995ACB1-32E9-4090-8230-E2AFFE7B19E8}.Release|Any CPU.Build.0 = Release|Any CPU
	EndGlobalSection
	GlobalSection(SolutionProperties) = preSolution
		HideSolutionNode = FALSE
	EndGlobalSection
	GlobalSection(ExtensibilityGlobals) = postSolution
		SolutionGuid = {58C4F0FD-8C71-477E-9975-5A2A95D9FA3E}
	EndGlobalSection
EndGlobal
